// !$*UTF8*$!
{
	archiveVersion = 1;
	classes = {
	};
	objectVersion = 56;
	objects = {

/* Begin PBXBuildFile section */
		E4F752402B1016C700D2F768 /* bigredbidsApp.swift in Sources */ = {isa = PBXBuildFile; fileRef = E4F7523F2B1016C700D2F768 /* bigredbidsApp.swift */; };
		E4F752422B1016C700D2F768 /* ContentView.swift in Sources */ = {isa = PBXBuildFile; fileRef = E4F752412B1016C700D2F768 /* ContentView.swift */; };
		E4F752442B1016C800D2F768 /* Assets.xcassets in Resources */ = {isa = PBXBuildFile; fileRef = E4F752432B1016C800D2F768 /* Assets.xcassets */; };
		E4F752472B1016C800D2F768 /* Preview Assets.xcassets in Resources */ = {isa = PBXBuildFile; fileRef = E4F752462B1016C800D2F768 /* Preview Assets.xcassets */; };
		E4F7526B2B101F5500D2F768 /* UIColor+Extension.swift in Sources */ = {isa = PBXBuildFile; fileRef = E4F7526A2B101F5500D2F768 /* UIColor+Extension.swift */; };
		E4F7526E2B12990100D2F768 /* NetworkManager.swift in Sources */ = {isa = PBXBuildFile; fileRef = E4F7526D2B12990100D2F768 /* NetworkManager.swift */; };
/* End PBXBuildFile section */

/* Begin PBXContainerItemProxy section */
		E4F7524D2B1016C900D2F768 /* PBXContainerItemProxy */ = {
			isa = PBXContainerItemProxy;
			containerPortal = E4F752342B1016C700D2F768 /* Project object */;
			proxyType = 1;
			remoteGlobalIDString = E4F7523B2B1016C700D2F768;
			remoteInfo = bigredbids;
		};
		E4F752572B1016C900D2F768 /* PBXContainerItemProxy */ = {
			isa = PBXContainerItemProxy;
			containerPortal = E4F752342B1016C700D2F768 /* Project object */;
			proxyType = 1;
			remoteGlobalIDString = E4F7523B2B1016C700D2F768;
			remoteInfo = bigredbids;
		};
/* End PBXContainerItemProxy section */

/* Begin PBXFileReference section */
		E4F7523C2B1016C700D2F768 /* bigredbids.app */ = {isa = PBXFileReference; explicitFileType = wrapper.application; includeInIndex = 0; path = bigredbids.app; sourceTree = BUILT_PRODUCTS_DIR; };
		E4F7523F2B1016C700D2F768 /* bigredbidsApp.swift */ = {isa = PBXFileReference; lastKnownFileType = sourcecode.swift; path = bigredbidsApp.swift; sourceTree = "<group>"; };
		E4F752412B1016C700D2F768 /* ContentView.swift */ = {isa = PBXFileReference; lastKnownFileType = sourcecode.swift; path = ContentView.swift; sourceTree = "<group>"; };
		E4F752432B1016C800D2F768 /* Assets.xcassets */ = {isa = PBXFileReference; lastKnownFileType = folder.assetcatalog; path = Assets.xcassets; sourceTree = "<group>"; };
		E4F752462B1016C800D2F768 /* Preview Assets.xcassets */ = {isa = PBXFileReference; lastKnownFileType = folder.assetcatalog; path = "Preview Assets.xcassets"; sourceTree = "<group>"; };
		E4F7524C2B1016C900D2F768 /* bigredbidsTests.xctest */ = {isa = PBXFileReference; explicitFileType = wrapper.cfbundle; includeInIndex = 0; path = bigredbidsTests.xctest; sourceTree = BUILT_PRODUCTS_DIR; };
		E4F752562B1016C900D2F768 /* bigredbidsUITests.xctest */ = {isa = PBXFileReference; explicitFileType = wrapper.cfbundle; includeInIndex = 0; path = bigredbidsUITests.xctest; sourceTree = BUILT_PRODUCTS_DIR; };
		E4F7526A2B101F5500D2F768 /* UIColor+Extension.swift */ = {isa = PBXFileReference; lastKnownFileType = sourcecode.swift; path = "UIColor+Extension.swift"; sourceTree = "<group>"; };
		E4F7526D2B12990100D2F768 /* NetworkManager.swift */ = {isa = PBXFileReference; lastKnownFileType = sourcecode.swift; path = NetworkManager.swift; sourceTree = "<group>"; };
/* End PBXFileReference section */

/* Begin PBXFrameworksBuildPhase section */
		E4F752392B1016C700D2F768 /* Frameworks */ = {
			isa = PBXFrameworksBuildPhase;
			buildActionMask = 2147483647;
			files = (
			);
			runOnlyForDeploymentPostprocessing = 0;
		};
		E4F752492B1016C900D2F768 /* Frameworks */ = {
			isa = PBXFrameworksBuildPhase;
			buildActionMask = 2147483647;
			files = (
			);
			runOnlyForDeploymentPostprocessing = 0;
		};
		E4F752532B1016C900D2F768 /* Frameworks */ = {
			isa = PBXFrameworksBuildPhase;
			buildActionMask = 2147483647;
			files = (
			);
			runOnlyForDeploymentPostprocessing = 0;
		};
/* End PBXFrameworksBuildPhase section */

/* Begin PBXGroup section */
		E4F752332B1016C700D2F768 = {
			isa = PBXGroup;
			children = (
				E4F7523E2B1016C700D2F768 /* bigredbids */,
				E4F7523D2B1016C700D2F768 /* Products */,
			);
			sourceTree = "<group>";
		};
		E4F7523D2B1016C700D2F768 /* Products */ = {
			isa = PBXGroup;
			children = (
				E4F7523C2B1016C700D2F768 /* bigredbids.app */,
				E4F7524C2B1016C900D2F768 /* bigredbidsTests.xctest */,
				E4F752562B1016C900D2F768 /* bigredbidsUITests.xctest */,
			);
			name = Products;
			sourceTree = "<group>";
		};
		E4F7523E2B1016C700D2F768 /* bigredbids */ = {
			isa = PBXGroup;
			children = (
				E4F7526C2B1298EE00D2F768 /* Networking */,
				E4F752692B101F4400D2F768 /* Extensions */,
				E4F7523F2B1016C700D2F768 /* bigredbidsApp.swift */,
				E4F752412B1016C700D2F768 /* ContentView.swift */,
				E4F752432B1016C800D2F768 /* Assets.xcassets */,
				E4F752452B1016C800D2F768 /* Preview Content */,
			);
			path = bigredbids;
			sourceTree = "<group>";
		};
		E4F752452B1016C800D2F768 /* Preview Content */ = {
			isa = PBXGroup;
			children = (
				E4F752462B1016C800D2F768 /* Preview Assets.xcassets */,
			);
			path = "Preview Content";
			sourceTree = "<group>";
		};
		E4F752692B101F4400D2F768 /* Extensions */ = {
			isa = PBXGroup;
			children = (
				E4F7526A2B101F5500D2F768 /* UIColor+Extension.swift */,
			);
			path = Extensions;
			sourceTree = "<group>";
		};
		E4F7526C2B1298EE00D2F768 /* Networking */ = {
			isa = PBXGroup;
			children = (
				E4F7526D2B12990100D2F768 /* NetworkManager.swift */,
			);
			path = Networking;
			sourceTree = "<group>";
		};
/* End PBXGroup section */

/* Begin PBXNativeTarget section */
		E4F7523B2B1016C700D2F768 /* bigredbids */ = {
			isa = PBXNativeTarget;
			buildConfigurationList = E4F752602B1016C900D2F768 /* Build configuration list for PBXNativeTarget "bigredbids" */;
			buildPhases = (
				E4F752382B1016C700D2F768 /* Sources */,
				E4F752392B1016C700D2F768 /* Frameworks */,
				E4F7523A2B1016C700D2F768 /* Resources */,
			);
			buildRules = (
			);
			dependencies = (
			);
			name = bigredbids;
			productName = bigredbids;
			productReference = E4F7523C2B1016C700D2F768 /* bigredbids.app */;
			productType = "com.apple.product-type.application";
		};
		E4F7524B2B1016C900D2F768 /* bigredbidsTests */ = {
			isa = PBXNativeTarget;
			buildConfigurationList = E4F752632B1016C900D2F768 /* Build configuration list for PBXNativeTarget "bigredbidsTests" */;
			buildPhases = (
				E4F752482B1016C900D2F768 /* Sources */,
				E4F752492B1016C900D2F768 /* Frameworks */,
				E4F7524A2B1016C900D2F768 /* Resources */,
			);
			buildRules = (
			);
			dependencies = (
				E4F7524E2B1016C900D2F768 /* PBXTargetDependency */,
			);
			name = bigredbidsTests;
			productName = bigredbidsTests;
			productReference = E4F7524C2B1016C900D2F768 /* bigredbidsTests.xctest */;
			productType = "com.apple.product-type.bundle.unit-test";
		};
		E4F752552B1016C900D2F768 /* bigredbidsUITests */ = {
			isa = PBXNativeTarget;
			buildConfigurationList = E4F752662B1016C900D2F768 /* Build configuration list for PBXNativeTarget "bigredbidsUITests" */;
			buildPhases = (
				E4F752522B1016C900D2F768 /* Sources */,
				E4F752532B1016C900D2F768 /* Frameworks */,
				E4F752542B1016C900D2F768 /* Resources */,
			);
			buildRules = (
			);
			dependencies = (
				E4F752582B1016C900D2F768 /* PBXTargetDependency */,
			);
			name = bigredbidsUITests;
			productName = bigredbidsUITests;
			productReference = E4F752562B1016C900D2F768 /* bigredbidsUITests.xctest */;
			productType = "com.apple.product-type.bundle.ui-testing";
		};
/* End PBXNativeTarget section */

/* Begin PBXProject section */
		E4F752342B1016C700D2F768 /* Project object */ = {
			isa = PBXProject;
			attributes = {
				BuildIndependentTargetsInParallel = 1;
				LastSwiftUpdateCheck = 1430;
				LastUpgradeCheck = 1430;
				TargetAttributes = {
					E4F7523B2B1016C700D2F768 = {
						CreatedOnToolsVersion = 14.3.1;
					};
					E4F7524B2B1016C900D2F768 = {
						CreatedOnToolsVersion = 14.3.1;
						TestTargetID = E4F7523B2B1016C700D2F768;
					};
					E4F752552B1016C900D2F768 = {
						CreatedOnToolsVersion = 14.3.1;
						TestTargetID = E4F7523B2B1016C700D2F768;
					};
				};
			};
			buildConfigurationList = E4F752372B1016C700D2F768 /* Build configuration list for PBXProject "bigredbids" */;
			compatibilityVersion = "Xcode 14.0";
			developmentRegion = en;
			hasScannedForEncodings = 0;
			knownRegions = (
				en,
				Base,
			);
			mainGroup = E4F752332B1016C700D2F768;
			productRefGroup = E4F7523D2B1016C700D2F768 /* Products */;
			projectDirPath = "";
			projectRoot = "";
			targets = (
				E4F7523B2B1016C700D2F768 /* bigredbids */,
				E4F7524B2B1016C900D2F768 /* bigredbidsTests */,
				E4F752552B1016C900D2F768 /* bigredbidsUITests */,
			);
		};
/* End PBXProject section */

/* Begin PBXResourcesBuildPhase section */
		E4F7523A2B1016C700D2F768 /* Resources */ = {
			isa = PBXResourcesBuildPhase;
			buildActionMask = 2147483647;
			files = (
				E4F752472B1016C800D2F768 /* Preview Assets.xcassets in Resources */,
				E4F752442B1016C800D2F768 /* Assets.xcassets in Resources */,
			);
			runOnlyForDeploymentPostprocessing = 0;
		};
		E4F7524A2B1016C900D2F768 /* Resources */ = {
			isa = PBXResourcesBuildPhase;
			buildActionMask = 2147483647;
			files = (
			);
			runOnlyForDeploymentPostprocessing = 0;
		};
		E4F752542B1016C900D2F768 /* Resources */ = {
			isa = PBXResourcesBuildPhase;
			buildActionMask = 2147483647;
			files = (
			);
			runOnlyForDeploymentPostprocessing = 0;
		};
/* End PBXResourcesBuildPhase section */

/* Begin PBXSourcesBuildPhase section */
		E4F752382B1016C700D2F768 /* Sources */ = {
			isa = PBXSourcesBuildPhase;
			buildActionMask = 2147483647;
			files = (
				E4F7526E2B12990100D2F768 /* NetworkManager.swift in Sources */,
				E4F7526B2B101F5500D2F768 /* UIColor+Extension.swift in Sources */,
				E4F752422B1016C700D2F768 /* ContentView.swift in Sources */,
				E4F752402B1016C700D2F768 /* bigredbidsApp.swift in Sources */,
			);
			runOnlyForDeploymentPostprocessing = 0;
		};
		E4F752482B1016C900D2F768 /* Sources */ = {
			isa = PBXSourcesBuildPhase;
			buildActionMask = 2147483647;
			files = (
			);
			runOnlyForDeploymentPostprocessing = 0;
		};
		E4F752522B1016C900D2F768 /* Sources */ = {
			isa = PBXSourcesBuildPhase;
			buildActionMask = 2147483647;
			files = (
			);
			runOnlyForDeploymentPostprocessing = 0;
		};
/* End PBXSourcesBuildPhase section */

/* Begin PBXTargetDependency section */
		E4F7524E2B1016C900D2F768 /* PBXTargetDependency */ = {
			isa = PBXTargetDependency;
			target = E4F7523B2B1016C700D2F768 /* bigredbids */;
			targetProxy = E4F7524D2B1016C900D2F768 /* PBXContainerItemProxy */;
		};
		E4F752582B1016C900D2F768 /* PBXTargetDependency */ = {
			isa = PBXTargetDependency;
			target = E4F7523B2B1016C700D2F768 /* bigredbids */;
			targetProxy = E4F752572B1016C900D2F768 /* PBXContainerItemProxy */;
		};
/* End PBXTargetDependency section */

/* Begin XCBuildConfiguration section */
		E4F7525E2B1016C900D2F768 /* Debug */ = {
			isa = XCBuildConfiguration;
			buildSettings = {
				ALWAYS_SEARCH_USER_PATHS = NO;
				CLANG_ANALYZER_NONNULL = YES;
				CLANG_ANALYZER_NUMBER_OBJECT_CONVERSION = YES_AGGRESSIVE;
				CLANG_CXX_LANGUAGE_STANDARD = "gnu++20";
				CLANG_ENABLE_MODULES = YES;
				CLANG_ENABLE_OBJC_ARC = YES;
				CLANG_ENABLE_OBJC_WEAK = YES;
				CLANG_WARN_BLOCK_CAPTURE_AUTORELEASING = YES;
				CLANG_WARN_BOOL_CONVERSION = YES;
				CLANG_WARN_COMMA = YES;
				CLANG_WARN_CONSTANT_CONVERSION = YES;
				CLANG_WARN_DEPRECATED_OBJC_IMPLEMENTATIONS = YES;
				CLANG_WARN_DIRECT_OBJC_ISA_USAGE = YES_ERROR;
				CLANG_WARN_DOCUMENTATION_COMMENTS = YES;
				CLANG_WARN_EMPTY_BODY = YES;
				CLANG_WARN_ENUM_CONVERSION = YES;
				CLANG_WARN_INFINITE_RECURSION = YES;
				CLANG_WARN_INT_CONVERSION = YES;
				CLANG_WARN_NON_LITERAL_NULL_CONVERSION = YES;
				CLANG_WARN_OBJC_IMPLICIT_RETAIN_SELF = YES;
				CLANG_WARN_OBJC_LITERAL_CONVERSION = YES;
				CLANG_WARN_OBJC_ROOT_CLASS = YES_ERROR;
				CLANG_WARN_QUOTED_INCLUDE_IN_FRAMEWORK_HEADER = YES;
				CLANG_WARN_RANGE_LOOP_ANALYSIS = YES;
				CLANG_WARN_STRICT_PROTOTYPES = YES;
				CLANG_WARN_SUSPICIOUS_MOVE = YES;
				CLANG_WARN_UNGUARDED_AVAILABILITY = YES_AGGRESSIVE;
				CLANG_WARN_UNREACHABLE_CODE = YES;
				CLANG_WARN__DUPLICATE_METHOD_MATCH = YES;
				COPY_PHASE_STRIP = NO;
				DEBUG_INFORMATION_FORMAT = dwarf;
				ENABLE_STRICT_OBJC_MSGSEND = YES;
				ENABLE_TESTABILITY = YES;
				GCC_C_LANGUAGE_STANDARD = gnu11;
				GCC_DYNAMIC_NO_PIC = NO;
				GCC_NO_COMMON_BLOCKS = YES;
				GCC_OPTIMIZATION_LEVEL = 0;
				GCC_PREPROCESSOR_DEFINITIONS = (
					"DEBUG=1",
					"$(inherited)",
				);
				GCC_WARN_64_TO_32_BIT_CONVERSION = YES;
				GCC_WARN_ABOUT_RETURN_TYPE = YES_ERROR;
				GCC_WARN_UNDECLARED_SELECTOR = YES;
				GCC_WARN_UNINITIALIZED_AUTOS = YES_AGGRESSIVE;
				GCC_WARN_UNUSED_FUNCTION = YES;
				GCC_WARN_UNUSED_VARIABLE = YES;
				IPHONEOS_DEPLOYMENT_TARGET = 16.4;
				MTL_ENABLE_DEBUG_INFO = INCLUDE_SOURCE;
				MTL_FAST_MATH = YES;
				ONLY_ACTIVE_ARCH = YES;
				SDKROOT = iphoneos;
				SWIFT_ACTIVE_COMPILATION_CONDITIONS = DEBUG;
				SWIFT_OPTIMIZATION_LEVEL = "-Onone";
			};
			name = Debug;
		};
		E4F7525F2B1016C900D2F768 /* Release */ = {
			isa = XCBuildConfiguration;
			buildSettings = {
				ALWAYS_SEARCH_USER_PATHS = NO;
				CLANG_ANALYZER_NONNULL = YES;
				CLANG_ANALYZER_NUMBER_OBJECT_CONVERSION = YES_AGGRESSIVE;
				CLANG_CXX_LANGUAGE_STANDARD = "gnu++20";
				CLANG_ENABLE_MODULES = YES;
				CLANG_ENABLE_OBJC_ARC = YES;
				CLANG_ENABLE_OBJC_WEAK = YES;
				CLANG_WARN_BLOCK_CAPTURE_AUTORELEASING = YES;
				CLANG_WARN_BOOL_CONVERSION = YES;
				CLANG_WARN_COMMA = YES;
				CLANG_WARN_CONSTANT_CONVERSION = YES;
				CLANG_WARN_DEPRECATED_OBJC_IMPLEMENTATIONS = YES;
				CLANG_WARN_DIRECT_OBJC_ISA_USAGE = YES_ERROR;
				CLANG_WARN_DOCUMENTATION_COMMENTS = YES;
				CLANG_WARN_EMPTY_BODY = YES;
				CLANG_WARN_ENUM_CONVERSION = YES;
				CLANG_WARN_INFINITE_RECURSION = YES;
				CLANG_WARN_INT_CONVERSION = YES;
				CLANG_WARN_NON_LITERAL_NULL_CONVERSION = YES;
				CLANG_WARN_OBJC_IMPLICIT_RETAIN_SELF = YES;
				CLANG_WARN_OBJC_LITERAL_CONVERSION = YES;
				CLANG_WARN_OBJC_ROOT_CLASS = YES_ERROR;
				CLANG_WARN_QUOTED_INCLUDE_IN_FRAMEWORK_HEADER = YES;
				CLANG_WARN_RANGE_LOOP_ANALYSIS = YES;
				CLANG_WARN_STRICT_PROTOTYPES = YES;
				CLANG_WARN_SUSPICIOUS_MOVE = YES;
				CLANG_WARN_UNGUARDED_AVAILABILITY = YES_AGGRESSIVE;
				CLANG_WARN_UNREACHABLE_CODE = YES;
				CLANG_WARN__DUPLICATE_METHOD_MATCH = YES;
				COPY_PHASE_STRIP = NO;
				DEBUG_INFORMATION_FORMAT = "dwarf-with-dsym";
				ENABLE_NS_ASSERTIONS = NO;
				ENABLE_STRICT_OBJC_MSGSEND = YES;
				GCC_C_LANGUAGE_STANDARD = gnu11;
				GCC_NO_COMMON_BLOCKS = YES;
				GCC_WARN_64_TO_32_BIT_CONVERSION = YES;
				GCC_WARN_ABOUT_RETURN_TYPE = YES_ERROR;
				GCC_WARN_UNDECLARED_SELECTOR = YES;
				GCC_WARN_UNINITIALIZED_AUTOS = YES_AGGRESSIVE;
				GCC_WARN_UNUSED_FUNCTION = YES;
				GCC_WARN_UNUSED_VARIABLE = YES;
				IPHONEOS_DEPLOYMENT_TARGET = 16.4;
				MTL_ENABLE_DEBUG_INFO = NO;
				MTL_FAST_MATH = YES;
				SDKROOT = iphoneos;
				SWIFT_COMPILATION_MODE = wholemodule;
				SWIFT_OPTIMIZATION_LEVEL = "-O";
				VALIDATE_PRODUCT = YES;
			};
			name = Release;
		};
		E4F752612B1016C900D2F768 /* Debug */ = {
			isa = XCBuildConfiguration;
			buildSettings = {
				ASSETCATALOG_COMPILER_APPICON_NAME = AppIcon;
				ASSETCATALOG_COMPILER_GLOBAL_ACCENT_COLOR_NAME = AccentColor;
				CODE_SIGN_STYLE = Automatic;
				CURRENT_PROJECT_VERSION = 1;
				DEVELOPMENT_ASSET_PATHS = "\"bigredbids/Preview Content\"";
				ENABLE_PREVIEWS = YES;
				GENERATE_INFOPLIST_FILE = YES;
				INFOPLIST_KEY_UIApplicationSceneManifest_Generation = YES;
				INFOPLIST_KEY_UIApplicationSupportsIndirectInputEvents = YES;
				INFOPLIST_KEY_UILaunchScreen_Generation = YES;
				INFOPLIST_KEY_UISupportedInterfaceOrientations_iPad = "UIInterfaceOrientationPortrait UIInterfaceOrientationPortraitUpsideDown UIInterfaceOrientationLandscapeLeft UIInterfaceOrientationLandscapeRight";
				INFOPLIST_KEY_UISupportedInterfaceOrientations_iPhone = "UIInterfaceOrientationPortrait UIInterfaceOrientationLandscapeLeft UIInterfaceOrientationLandscapeRight";
				LD_RUNPATH_SEARCH_PATHS = (
					"$(inherited)",
					"@executable_path/Frameworks",
				);
				MARKETING_VERSION = 1.0;
				PRODUCT_BUNDLE_IDENTIFIER = bigredbids.bigredbids;
				PRODUCT_NAME = "$(TARGET_NAME)";
				SWIFT_EMIT_LOC_STRINGS = YES;
				SWIFT_VERSION = 5.0;
				TARGETED_DEVICE_FAMILY = "1,2";
			};
			name = Debug;
		};
		E4F752622B1016C900D2F768 /* Release */ = {
			isa = XCBuildConfiguration;
			buildSettings = {
				ASSETCATALOG_COMPILER_APPICON_NAME = AppIcon;
				ASSETCATALOG_COMPILER_GLOBAL_ACCENT_COLOR_NAME = AccentColor;
				CODE_SIGN_STYLE = Automatic;
				CURRENT_PROJECT_VERSION = 1;
				DEVELOPMENT_ASSET_PATHS = "\"bigredbids/Preview Content\"";
				ENABLE_PREVIEWS = YES;
				GENERATE_INFOPLIST_FILE = YES;
				INFOPLIST_KEY_UIApplicationSceneManifest_Generation = YES;
				INFOPLIST_KEY_UIApplicationSupportsIndirectInputEvents = YES;
				INFOPLIST_KEY_UILaunchScreen_Generation = YES;
				INFOPLIST_KEY_UISupportedInterfaceOrientations_iPad = "UIInterfaceOrientationPortrait UIInterfaceOrientationPortraitUpsideDown UIInterfaceOrientationLandscapeLeft UIInterfaceOrientationLandscapeRight";
				INFOPLIST_KEY_UISupportedInterfaceOrientations_iPhone = "UIInterfaceOrientationPortrait UIInterfaceOrientationLandscapeLeft UIInterfaceOrientationLandscapeRight";
				LD_RUNPATH_SEARCH_PATHS = (
					"$(inherited)",
					"@executable_path/Frameworks",
				);
				MARKETING_VERSION = 1.0;
				PRODUCT_BUNDLE_IDENTIFIER = bigredbids.bigredbids;
				PRODUCT_NAME = "$(TARGET_NAME)";
				SWIFT_EMIT_LOC_STRINGS = YES;
				SWIFT_VERSION = 5.0;
				TARGETED_DEVICE_FAMILY = "1,2";
			};
			name = Release;
		};
		E4F752642B1016C900D2F768 /* Debug */ = {
			isa = XCBuildConfiguration;
			buildSettings = {
				ALWAYS_EMBED_SWIFT_STANDARD_LIBRARIES = YES;
				BUNDLE_LOADER = "$(TEST_HOST)";
				CODE_SIGN_STYLE = Automatic;
				CURRENT_PROJECT_VERSION = 1;
				GENERATE_INFOPLIST_FILE = YES;
				IPHONEOS_DEPLOYMENT_TARGET = 16.4;
				MARKETING_VERSION = 1.0;
				PRODUCT_BUNDLE_IDENTIFIER = bigredbids.bigredbidsTests;
				PRODUCT_NAME = "$(TARGET_NAME)";
				SWIFT_EMIT_LOC_STRINGS = NO;
				SWIFT_VERSION = 5.0;
				TARGETED_DEVICE_FAMILY = "1,2";
				TEST_HOST = "$(BUILT_PRODUCTS_DIR)/bigredbids.app/$(BUNDLE_EXECUTABLE_FOLDER_PATH)/bigredbids";
			};
			name = Debug;
		};
		E4F752652B1016C900D2F768 /* Release */ = {
			isa = XCBuildConfiguration;
			buildSettings = {
				ALWAYS_EMBED_SWIFT_STANDARD_LIBRARIES = YES;
				BUNDLE_LOADER = "$(TEST_HOST)";
				CODE_SIGN_STYLE = Automatic;
				CURRENT_PROJECT_VERSION = 1;
				GENERATE_INFOPLIST_FILE = YES;
				IPHONEOS_DEPLOYMENT_TARGET = 16.4;
				MARKETING_VERSION = 1.0;
				PRODUCT_BUNDLE_IDENTIFIER = bigredbids.bigredbidsTests;
				PRODUCT_NAME = "$(TARGET_NAME)";
				SWIFT_EMIT_LOC_STRINGS = NO;
				SWIFT_VERSION = 5.0;
				TARGETED_DEVICE_FAMILY = "1,2";
				TEST_HOST = "$(BUILT_PRODUCTS_DIR)/bigredbids.app/$(BUNDLE_EXECUTABLE_FOLDER_PATH)/bigredbids";
			};
			name = Release;
		};
		E4F752672B1016C900D2F768 /* Debug */ = {
			isa = XCBuildConfiguration;
			buildSettings = {
				ALWAYS_EMBED_SWIFT_STANDARD_LIBRARIES = YES;
				CODE_SIGN_STYLE = Automatic;
				CURRENT_PROJECT_VERSION = 1;
				GENERATE_INFOPLIST_FILE = YES;
				MARKETING_VERSION = 1.0;
				PRODUCT_BUNDLE_IDENTIFIER = bigredbids.bigredbidsUITests;
				PRODUCT_NAME = "$(TARGET_NAME)";
				SWIFT_EMIT_LOC_STRINGS = NO;
				SWIFT_VERSION = 5.0;
				TARGETED_DEVICE_FAMILY = "1,2";
				TEST_TARGET_NAME = bigredbids;
			};
			name = Debug;
		};
		E4F752682B1016C900D2F768 /* Release */ = {
			isa = XCBuildConfiguration;
			buildSettings = {
				ALWAYS_EMBED_SWIFT_STANDARD_LIBRARIES = YES;
				CODE_SIGN_STYLE = Automatic;
				CURRENT_PROJECT_VERSION = 1;
				GENERATE_INFOPLIST_FILE = YES;
				MARKETING_VERSION = 1.0;
				PRODUCT_BUNDLE_IDENTIFIER = bigredbids.bigredbidsUITests;
				PRODUCT_NAME = "$(TARGET_NAME)";
				SWIFT_EMIT_LOC_STRINGS = NO;
				SWIFT_VERSION = 5.0;
				TARGETED_DEVICE_FAMILY = "1,2";
				TEST_TARGET_NAME = bigredbids;
			};
			name = Release;
		};
/* End XCBuildConfiguration section */

/* Begin XCConfigurationList section */
		E4F752372B1016C700D2F768 /* Build configuration list for PBXProject "bigredbids" */ = {
			isa = XCConfigurationList;
			buildConfigurations = (
				E4F7525E2B1016C900D2F768 /* Debug */,
				E4F7525F2B1016C900D2F768 /* Release */,
			);
			defaultConfigurationIsVisible = 0;
			defaultConfigurationName = Release;
		};
		E4F752602B1016C900D2F768 /* Build configuration list for PBXNativeTarget "bigredbids" */ = {
			isa = XCConfigurationList;
			buildConfigurations = (
				E4F752612B1016C900D2F768 /* Debug */,
				E4F752622B1016C900D2F768 /* Release */,
			);
			defaultConfigurationIsVisible = 0;
			defaultConfigurationName = Release;
		};
		E4F752632B1016C900D2F768 /* Build configuration list for PBXNativeTarget "bigredbidsTests" */ = {
			isa = XCConfigurationList;
			buildConfigurations = (
				E4F752642B1016C900D2F768 /* Debug */,
				E4F752652B1016C900D2F768 /* Release */,
			);
			defaultConfigurationIsVisible = 0;
			defaultConfigurationName = Release;
		};
		E4F752662B1016C900D2F768 /* Build configuration list for PBXNativeTarget "bigredbidsUITests" */ = {
			isa = XCConfigurationList;
			buildConfigurations = (
				E4F752672B1016C900D2F768 /* Debug */,
				E4F752682B1016C900D2F768 /* Release */,
			);
			defaultConfigurationIsVisible = 0;
			defaultConfigurationName = Release;
		};
/* End XCConfigurationList section */
	};
	rootObject = E4F752342B1016C700D2F768 /* Project object */;
}
